{
  "originHash" : "ca87fbbd68dce9e3cb34558b148b605196ff002b6ba49d97467200927dc846a0",
  "pins" : [
    {
      "identity" : "cronista",
      "kind" : "remoteSourceControl",
      "location" : "https://github.com/platacard/cronista.git",
      "state" : {
        "revision" : "8560d4eaf181586663ea4b5667d034fcc5e24a18",
        "version" : "1.1.0"
      }
    },
    {
      "identity" : "swift-log",
      "kind" : "remoteSourceControl",
      "location" : "https://github.com/apple/swift-log.git",
      "state" : {
        "revision" : "2aed77ae5ec9a86d8fe42c12275e4c2653a286ee",
        "version" : "1.13.1"
      }
    }
  ],
  "version" : 3
}
